{
  "name": "giphy-sample",
  "version": "0.0.0",
  "lockfileVersion": 1,
  "requires": true,
  "dependencies": {
    "describe": {
      "version": "1.2.0",
      "resolved": "https://registry.npmjs.org/describe/-/describe-1.2.0.tgz",
      "integrity": "sha1-O0LvptyhqiRF720VwZhU3lg3EcA="
    },
    "eslint": {
      "version": "3.19.0",
      "resolved": "https://registry.npmjs.org/eslint/-/eslint-3.19.0.tgz",
      "integrity": "sha1-yPxiAcf0DdCJQbh8CFdnOGpnmsw=",
      "dev": true
    },
    "jasmine-core": {
      "version": "2.8.0",
      "resolved": "https://registry.npmjs.org/jasmine-core/-/jasmine-core-2.8.0.tgz",
      "integrity": "sha1-vMl5rh+f0FcB5F5S5l06XWPxok4=",
      "dev": true
    },
    "karma": {
      "version": "1.7.1",
      "resolved": "https://registry.npmjs.org/karma/-/karma-1.7.1.tgz",
      "integrity": "sha512-k5pBjHDhmkdaUccnC7gE3mBzZjcxyxYsYVaqiL2G5AqlfLyBO5nw2VdNK+O16cveEPd/gIOWULH7gkiYYwVNHg==",
      "dev": true,
      "dependencies": {
        "lodash": {
          "version": "3.10.1",
          "resolved": "https://registry.npmjs.org/lodash/-/lodash-3.10.1.tgz",
          "integrity": "sha1-W/Rejkm6QYnhfUgnid/RW9FAt7Y="
        }
      }
    },
    "karma-chrome-launcher": {
      "version": "2.2.0",
      "resolved": "https://registry.npmjs.org/karma-chrome-launcher/-/karma-chrome-launcher-2.2.0.tgz",
      "integrity": "sha512-uf/ZVpAabDBPvdPdveyk1EPgbnloPvFFGgmRhYLTDH7gEB4nZdSBk8yTU47w1g/drLSx5uMOkjKk7IWKfWg/+w==",
      "dev": true
    },
    "karma-coverage": {
      "version": "1.1.1",
      "resolved": "https://registry.npmjs.org/karma-coverage/-/karma-coverage-1.1.1.tgz",
      "integrity": "sha1-Wv+LOc9plNwi3kyENix2ABtjfPY=",
      "dev": true,
      "dependencies": {
        "lodash": {
          "version": "3.10.1",
          "resolved": "https://registry.npmjs.org/lodash/-/lodash-3.10.1.tgz",
          "integrity": "sha1-W/Rejkm6QYnhfUgnid/RW9FAt7Y="
        }
      }
    },
    "karma-firefox-launcher": {
      "version": "1.0.1",
      "resolved": "https://registry.npmjs.org/karma-firefox-launcher/-/karma-firefox-launcher-1.0.1.tgz",
      "integrity": "sha1-zlj0fCATqIFW1VpdYTN8CZz1u1E=",
      "dev": true
    },
    "karma-fixture": {
      "version": "0.2.6",
      "resolved": "https://registry.npmjs.org/karma-fixture/-/karma-fixture-0.2.6.tgz",
      "integrity": "sha1-lxzqjCFtc/BwQ5ZMtz8Q4IMAGO8=",
      "dev": true
    },
    "karma-html2js-preprocessor": {
      "version": "1.1.0",
      "resolved": "https://registry.npmjs.org/karma-html2js-preprocessor/-/karma-html2js-preprocessor-1.1.0.tgz",
      "integrity": "sha1-/Ant8Eu+K7bu6boZaPgmtziAIL0=",
      "dev": true
    },
    "karma-jasmine": {
      "version": "1.1.0",
      "resolved": "https://registry.npmjs.org/karma-jasmine/-/karma-jasmine-1.1.0.tgz",
      "integrity": "sha1-IuTAa/mhguUpTR9wXjczgRuBCs8=",
      "dev": true
    },
    "karma-jasmine-ajax": {
      "version": "0.1.13",
      "resolved": "https://registry.npmjs.org/karma-jasmine-ajax/-/karma-jasmine-ajax-0.1.13.tgz",
      "integrity": "sha1-eLuS2Jb+MqJaGACYxHci4dlgW/w=",
      "dev": true
    }
  }
}
